github.com/starwander/GoFibonacciHeap v0.0.0-20190508061137-ba2e4f01000a h1:HxQEVn2dC2DyalPmsBVsTRsB05UpBmbgZV2a939iEwE=
github.com/starwander/GoFibonacciHeap v0.0.0-20190508061137-ba2e4f01000a/go.mod h1:0UZshEHv45sVxpYdRE55cbIVuvbXD3+liaXyrgm1Mr4=
github.com/starwander/goraph v0.0.0-20200325033650-cb8f0beb44cc h1:CHuDfhywyoOu6GFv3IxVeAJJ3whMnsYU9swL4uvg7Fk=
github.com/starwander/goraph v0.0.0-20200325033650-cb8f0beb44cc/go.mod h1:7Ko4ajehhDsNJw7OCwtfca5XqfCzo+ayX+v8d1tgwiw=
